
Microsoft Visual Studio Solution File, Format Version 12.00
# Visual Studio 15
VisualStudioVersion = 15.0.28307.136
MinimumVisualStudioVersion = 10.0.40219.1
Project("{FAE04EC0-301F-11D3-BF4B-00C04F79EFBC}") = "CodePractice", "CodePractice\CodePractice.csproj", "{C35ACD59-024C-4E4F-A832-2BC86657BF88}"
EndProject
Global
	GlobalSection(SolutionConfigurationPlatforms) = preSolution
		Debug|Any CPU = Debug|Any CPU
		Release|Any CPU = Release|Any CPU
	EndGlobalSection
	GlobalSection(ProjectConfigurationPlatforms) = postSolution
		{C35ACD59-024C-4E4F-A832-2BC86657BF88}.Debug|Any CPU.ActiveCfg = Debug|Any CPU
		{C35ACD59-024C-4E4F-A832-2BC86657BF88}.Debug|Any CPU.Build.0 = Debug|Any CPU
		{C35ACD59-024C-4E4F-A832-2BC86657BF88}.Release|Any CPU.ActiveCfg = Release|Any CPU
		{C35ACD59-024C-4E4F-A832-2BC86657BF88}.Release|Any CPU.Build.0 = Release|Any CPU
	EndGlobalSection
	GlobalSection(SolutionProperties) = preSolution
		HideSolutionNode = FALSE
	EndGlobalSection
	GlobalSection(ExtensibilityGlobals) = postSolution
		SolutionGuid = {D8E2D137-6B4D-43FF-B2C9-D99E25A04CD8}
	EndGlobalSection
EndGlobal
